feature:
  cmd: python src/models/Kitchen_sink/featurize.py data/data data/feature
  deps:
  - path: data/data
    md5: e7bca3c665cd3995619c17283791527b.dir
    size: 5070940
    nfiles: 5
  - path: src/models/Cat-Boost/featurize.py
    md5: 5af2ae8135ddbd01977b0d7327f3374e
    size: 6508
  params:
    params.yaml:
      featurize.fs_select: 0
  outs:
  - path: data/feature
    md5: 74d4c122856b68563ca68e64feeaf002.dir
    size: 3193176
    nfiles: 7
train:
  cmd: python src/models/Kitchen_sink/train.py data/feature/ks_train.csv
  deps:
  - path: data/feature/cb_train.csv
    md5: 2150d81126963e02a52e40991729093d
    size: 1311004
  params:
    params.yaml:
      train.folds: 3
      train.lr: 0.01
      train.n_estimators: 1000
      train.objective: multi:softmax
      train.param_comb: 10
      train.score: f1_macro
      train.seed: 443
  outs:
  - path: parameters.json
    md5: 27792648ca6ab61a1e3d0d4ef3654755
    size: 94
evaluation:
  cmd: python src/models/kitchen_sink/evaluate.py data/feature data/model/xgb-cl.pkl
  deps:
  - path: data/feature
    md5: 74d4c122856b68563ca68e64feeaf002.dir
    size: 3193176
    nfiles: 7
  - path: src/models/kitchen_sink/parameters.json
    md5: 3713a1c0481349a0c8b683db04b0d1e4
    size: 94
  params:
    params.yaml:
      train.lr: 0.01
      train.n_estimators: 1000
      train.objective: multi:softmax
  outs:
  - path: data/model/xgb-cl.pkl
    md5: 4ba8c66855c4a94b853f27bd4cbcd262
    size: 1336090
  - path: score.json
    md5: ca897952db25125a3f4739b1f4ed7daa
    size: 276
